<Solution>
  <Folder Name="/src/">
    <Project Path="IdiotProof.Brokers/IdiotProof.Brokers.csproj" />
    <Project Path="IdiotProof.DataFeeds/IdiotProof.DataFeeds.csproj" />
    <Project Path="IdiotProof.Engine/IdiotProof.Engine.csproj" />
    <Project Path="IdiotProof.Indicators/IdiotProof.Indicators.csproj" />
    <Project Path="IdiotProof.Models/IdiotProof.Models.csproj" />
    <Project Path="IdiotProof.Strategies/IdiotProof.Strategies.csproj" />
  </Folder>
  <Folder Name="/tests/">
    <Project Path="IdiotProof.Blazor.Tests/IdiotProof.Blazor.Tests.csproj" />
    <Project Path="IdiotProof.Brokers.Tests/IdiotProof.Brokers.Tests.csproj" />
    <Project Path="IdiotProof.Engine.Tests/IdiotProof.Engine.Tests.csproj" />
    <Project Path="IdiotProof.Indicators.Tests/IdiotProof.Indicators.Tests.csproj" />
    <Project Path="IdiotProof.Monitor.Tests/IdiotProof.Monitor.Tests.csproj" />
    <Project Path="IdiotProof.Strategies.Tests/IdiotProof.Strategies.Tests.csproj" />
  </Folder>
  <Project Path="IdiotProof.Scripting/IdiotProof.Scripting.csproj" />
  <Project Path="IdiotProof.Shared/IdiotProof.Shared.csproj" />
  <Project Path="IdiotProof.Blazor/IdiotProof.Blazor.csproj" />
  <Project Path="IdiotProof.Maui/IdiotProof.Maui.csproj" />
  <Project Path="IdiotProof.Monitor/IdiotProof.Monitor.csproj" />
  <Project Path="IdiotProof.ResearchScanner/IdiotProof.ResearchScanner.csproj" />
  <Project Path="IdiotProof.UI/IdiotProof.UI.csproj" />
</Solution>
