<Solution>
  <Project Path="IdiotProof.Backend.UnitTests/IdiotProof.Backend.UnitTests.csproj" />
  <Project Path="IdiotProof.Backend/IdiotProof.Backend.csproj" />
  <Project Path="IdiotProof.Frontend/IdiotProof.Frontend.csproj" />
  <Project Path="IdiotProof.Shared/IdiotProof.Shared.csproj" />
</Solution>
